
Microsoft Visual Studio Solution File, Format Version 12.00
# Visual Studio Version 16
VisualStudioVersion = 16.0.30011.22
MinimumVisualStudioVersion = 10.0.40219.1
Project("{FAE04EC0-301F-11D3-BF4B-00C04F79EFBC}") = "ABCPharmacy", "ABCPharmacy\ABCPharmacy.csproj", "{3D839270-C6E8-441A-A3EC-2D0D82AFC0C2}"
EndProject
Global
	GlobalSection(SolutionConfigurationPlatforms) = preSolution
		Debug|Any CPU = Debug|Any CPU
		Release|Any CPU = Release|Any CPU
	EndGlobalSection
	GlobalSection(ProjectConfigurationPlatforms) = postSolution
		{3D839270-C6E8-441A-A3EC-2D0D82AFC0C2}.Debug|Any CPU.ActiveCfg = Debug|Any CPU
		{3D839270-C6E8-441A-A3EC-2D0D82AFC0C2}.Debug|Any CPU.Build.0 = Debug|Any CPU
		{3D839270-C6E8-441A-A3EC-2D0D82AFC0C2}.Release|Any CPU.ActiveCfg = Release|Any CPU
		{3D839270-C6E8-441A-A3EC-2D0D82AFC0C2}.Release|Any CPU.Build.0 = Release|Any CPU
	EndGlobalSection
	GlobalSection(SolutionProperties) = preSolution
		HideSolutionNode = FALSE
	EndGlobalSection
	GlobalSection(ExtensibilityGlobals) = postSolution
		SolutionGuid = {35DBB9AD-43C3-4080-887C-4ACE808C33BA}
	EndGlobalSection
EndGlobal
